{
  "version": 2,
  "dependencies": {
    "net10.0": {
      "AspNetCore.HealthChecks.NpgSql": {
        "type": "Direct",
        "requested": "[9.0.0, )",
        "resolved": "9.0.0",
        "contentHash": "npc58/AD5zuVxERdhCl2Kb7WnL37mwX42SJcXIwvmEig0/dugOLg3SIwtfvvh3TnvTwR/sk5LYNkkPaBdks61A==",
        "dependencies": {
          "Npgsql": "8.0.3"
        }
      },
      "AWSSDK.Extensions.NETCore.Setup": {
        "type": "Direct",
        "requested": "[4.0.4.3, )",
        "resolved": "4.0.4.3",
        "contentHash": "LCM0isx2/Ldkl/gEJFI/HH5KXD8Txa3JZLl9PNCINnXWa+UWGdcaxQe6dOIlYfPfOexoP/iuTfY1tfjjgAjodA==",
        "dependencies": {
          "AWSSDK.Core": "4.0.7.5"
        }
      },
      "AWSSDK.SimpleNotificationService": {
        "type": "Direct",
        "requested": "[4.0.2.36, )",
        "resolved": "4.0.2.36",
        "contentHash": "a2djLbLVxSiQAqs/lQRbQCTpYDO/F22reQpWnYPcx1uNjw21rjcht6NusWcFCW3wzo4Un6GfPGUqhTsGM+ybJA==",
        "dependencies": {
          "AWSSDK.Core": "[4.0.7.5, 5.0.0)"
        }
      },
      "Be.Vlaanderen.Basisregisters.GrAr.Notifications": {
        "type": "Direct",
        "requested": "[23.0.0, )",
        "resolved": "23.0.0",
        "contentHash": "PwhR8fca3+c3y6Oasz485Xoq8bM7nDocg14nDIspsTq8UceDApdRlumLi3J2uGUUDwkDUG5vbG4BeUVhz6vp9w==",
        "dependencies": {
          "AWSSDK.SimpleNotificationService": "4.0.2.36"
        }
      },
      "Destructurama.JsonNet": {
        "type": "Direct",
        "requested": "[4.0.2, )",
        "resolved": "4.0.2",
        "contentHash": "ZlzKReMWRK+A8IHK8Qbr0A3pdMUEV5MlCi/OgUoQf2IIsPi25SxdJ/Bp50n2viz/pCWo4Ju1nbxe6IA0GpmYRQ==",
        "dependencies": {
          "Newtonsoft.Json": "13.0.3",
          "Serilog": "4.2.0"
        }
      },
      "Serilog": {
        "type": "Direct",
        "requested": "[4.3.1, )",
        "resolved": "4.3.1",
        "contentHash": "savYe7h5yRlkqBVOwP8cIRDOdqKiPmYCU4W87JH38sBmcKD5EBoXvQIw6bNEvZ/pTe1gsiye3VFCzBsoppGkXQ=="
      },
      "Serilog.Enrichers.Environment": {
        "type": "Direct",
        "requested": "[3.0.1, )",
        "resolved": "3.0.1",
        "contentHash": "9BqCE4C9FF+/rJb/CsQwe7oVf44xqkOvMwX//CUxvUR25lFL4tSS6iuxE5eW07quby1BAyAEP+vM6TWsnT3iqw==",
        "dependencies": {
          "Serilog": "4.0.0"
        }
      },
      "Serilog.Enrichers.Thread": {
        "type": "Direct",
        "requested": "[4.0.0, )",
        "resolved": "4.0.0",
        "contentHash": "C7BK25a1rhUyr+Tp+1BYcVlBJq7M2VCHlIgnwoIUVJcicM9jYcvQK18+OeHiXw7uLPSjqWxJIp1EfaZ/RGmEwA==",
        "dependencies": {
          "Serilog": "4.0.0"
        }
      },
      "Serilog.Extensions.Logging": {
        "type": "Direct",
        "requested": "[10.0.0, )",
        "resolved": "10.0.0",
        "contentHash": "vx0kABKl2dWbBhhqAfTOk53/i8aV/5VaT3a6il9gn72Wqs2pM7EK2OB6No6xdqK2IaY6Zf9gdjLuK9BVa2rT+Q==",
        "dependencies": {
          "Serilog": "4.2.0"
        }
      },
      "Serilog.Formatting.Compact": {
        "type": "Direct",
        "requested": "[3.0.0, )",
        "resolved": "3.0.0",
        "contentHash": "wQsv14w9cqlfB5FX2MZpNsTawckN4a8dryuNGbebB/3Nh1pXnROHZov3swtu3Nj5oNG7Ba+xdu7Et/ulAUPanQ==",
        "dependencies": {
          "Serilog": "4.0.0"
        }
      },
      "Serilog.Settings.Configuration": {
        "type": "Direct",
        "requested": "[10.0.0, )",
        "resolved": "10.0.0",
        "contentHash": "LNq+ibS1sbhTqPV1FIE69/9AJJbfaOhnaqkzcjFy95o+4U+STsta9mi97f1smgXsWYKICDeGUf8xUGzd/52/uA==",
        "dependencies": {
          "Microsoft.Extensions.DependencyModel": "10.0.0",
          "Serilog": "4.3.0"
        }
      },
      "Serilog.Sinks.Console": {
        "type": "Direct",
        "requested": "[6.1.1, )",
        "resolved": "6.1.1",
        "contentHash": "8jbqgjUyZlfCuSTaJk6lOca465OndqOz3KZP6Cryt/IqZYybyBu7GP0fE/AXBzrrQB3EBmQntBFAvMVz1COvAA==",
        "dependencies": {
          "Serilog": "4.0.0"
        }
      },
      "Serilog.Sinks.File": {
        "type": "Direct",
        "requested": "[7.0.0, )",
        "resolved": "7.0.0",
        "contentHash": "fKL7mXv7qaiNBUC71ssvn/dU0k9t0o45+qm2XgKAlSt19xF+ijjxyA3R6HmCgfKEKwfcfkwWjayuQtRueZFkYw==",
        "dependencies": {
          "Serilog": "4.2.0"
        }
      },
      "Swashbuckle.AspNetCore.Swagger": {
        "type": "Direct",
        "requested": "[10.2.1, )",
        "resolved": "10.2.1",
        "contentHash": "ej4inPhiWCq+0utG8yaKhIhE8M3k3R/qRaGhpgDZB+O/s+o62/zRMO1Cn2CtQccsrqPE9PYnzCp6hQGYGpJOyQ==",
        "dependencies": {
          "Microsoft.OpenApi": "2.7.5"
        }
      },
      "Swashbuckle.AspNetCore.SwaggerGen": {
        "type": "Direct",
        "requested": "[10.2.1, )",
        "resolved": "10.2.1",
        "contentHash": "JYX6i/y0xEtQWH/hZyfcage1/ldwww83ueD/gBc34uSnMwyvRLUsOpYcxlliFFxFbZMrY6t+R9ENqolE7zTEOg==",
        "dependencies": {
          "Swashbuckle.AspNetCore.Swagger": "10.2.1"
        }
      },
      "Swashbuckle.AspNetCore.SwaggerUI": {
        "type": "Direct",
        "requested": "[10.2.1, )",
        "resolved": "10.2.1",
        "contentHash": "vzB8ZAGqXus3fdareJ9GHctaRP9ZL+wW9x8U7s1Y+BWprInFvSg6rpD9VhANNpwXA8fUHqu5Agjl/+hHG1BCQA=="
      },
      "AWSSDK.Core": {
        "type": "Transitive",
        "resolved": "4.0.7.5",
        "contentHash": "kOx1nlnJic0Ao+tpCia/DxmttQCPuKLWbfuJuXSJnG03yur0TRfPDCvkrroZ/4yuy0fLomPf46vDYnpkk01J9w=="
      },
      "FastExpressionCompiler": {
        "type": "Transitive",
        "resolved": "4.2.2",
        "contentHash": "7n66TOtUOSo75V70WenPbhWEJj+Cdd+V+GBIhIv3iEWtbAyZbWX79zw7sWLq3E+tY0mpsHVMcreaom3wuK34Bg=="
      },
      "FSharp.Core": {
        "type": "Transitive",
        "resolved": "9.0.100",
        "contentHash": "ye8yagHGsH08H2Twno5GRWkSbrMtxK/SWiHuPcF+3nODpW65/VJ8RO0aWxp8n9+KQbmahg90wAEL3TEXjF0r6A=="
      },
      "Humanizer.Core": {
        "type": "Transitive",
        "resolved": "2.14.1",
        "contentHash": "lQKvtaTDOXnoVJ20ibTuSIOf2i0uO0MPbDhd1jm238I+U/2ZnRENj0cktKZhtchBMtCUSRQ5v4xBCUbKNmyVMw=="
      },
      "JasperFx.CodeGeneration": {
        "type": "Transitive",
        "resolved": "3.7.2",
        "contentHash": "gUrOCfbFA/WgqkkJSbDNFNVFjbOXXSz9vSj3nMCUDlY51ooG9p6tjQhlvEGPEmaYiY3p4SRVozn32vucY+6kRw==",
        "dependencies": {
          "FastExpressionCompiler": "4.2.2",
          "JasperFx.Core": "1.9.0"
        }
      },
      "JasperFx.Core": {
        "type": "Transitive",
        "resolved": "1.12.0",
        "contentHash": "asAIQTij/gyZd3tK4Gx3E95/6iV0PDTfms/78lfUoDGmgt5DZMC2UBXz9j11nmSTN74XCpJhn0e1e161708NMw=="
      },
      "JasperFx.RuntimeCompiler": {
        "type": "Transitive",
        "resolved": "3.7.2",
        "contentHash": "uNSldQN6va1tj8hZOK8TYwe0vAUn53qjwfRhdYjS3VJ86zZszEXCZs9h6wjWOstp909e5k+XuZD97oKgJQv/1g==",
        "dependencies": {
          "JasperFx.CodeGeneration": "3.7.2",
          "Microsoft.CodeAnalysis": "4.11.0",
          "Microsoft.CodeAnalysis.CSharp": "4.11.0",
          "Microsoft.CodeAnalysis.Scripting": "4.11.0",
          "Microsoft.Extensions.Logging.Abstractions": "[6.0.0, 10.0.0)"
        }
      },
      "Marten": {
        "type": "Transitive",
        "resolved": "7.40.4",
        "contentHash": "OahGGEA1WLnIiwH3qeS9IDTDTjTcgWVd5y1ItQMqAizqE4JoVKK6T4LHOcDxjg0TMel48SiJ8LrGSGWKQb1LJw==",
        "dependencies": {
          "FSharp.Core": "9.0.100",
          "JasperFx.CodeGeneration": "3.7.2",
          "JasperFx.Core": "1.12.0",
          "JasperFx.RuntimeCompiler": "3.7.2",
          "Newtonsoft.Json": "13.0.3",
          "Npgsql.Json.NET": "8.0.0",
          "OpenTelemetry.API": "1.8.0",
          "Polly.Core": "8.5.0",
          "Weasel.Postgresql": "7.14.2"
        }
      },
      "Microsoft.Bcl.AsyncInterfaces": {
        "type": "Transitive",
        "resolved": "8.0.0",
        "contentHash": "3WA9q9yVqJp222P3x1wYIGDAkpjAku0TMUaaQV22g6L67AI0LdOIrVS7Ht2vJfLHGSPVuqN94vIr15qn+HEkHw=="
      },
      "Microsoft.CodeAnalysis": {
        "type": "Transitive",
        "resolved": "4.11.0",
        "contentHash": "liYhSvQO+cFgshRdrL1CVXwrTd7oP5PnYyE6hfwosv9zmnxszFIgI3ysWG9wXt3iLL1mvdWhtciuiQqZAgTbZQ==",
        "dependencies": {
          "Humanizer.Core": "2.14.1",
          "Microsoft.Bcl.AsyncInterfaces": "8.0.0",
          "Microsoft.CodeAnalysis.Analyzers": "3.3.4",
          "Microsoft.CodeAnalysis.CSharp.Workspaces": "[4.11.0]",
          "Microsoft.CodeAnalysis.VisualBasic.Workspaces": "[4.11.0]",
          "System.Composition": "8.0.0"
        }
      },
      "Microsoft.CodeAnalysis.Analyzers": {
        "type": "Transitive",
        "resolved": "3.3.4",
        "contentHash": "AxkxcPR+rheX0SmvpLVIGLhOUXAKG56a64kV9VQZ4y9gR9ZmPXnqZvHJnmwLSwzrEP6junUF11vuc+aqo5r68g=="
      },
      "Microsoft.CodeAnalysis.Common": {
        "type": "Transitive",
        "resolved": "4.11.0",
        "contentHash": "djf8ujmqYImFgB04UGtcsEhHrzVqzHowS+EEl/Yunc5LdrYrZhGBWUTXoCF0NzYXJxtfuD+UVQarWpvrNc94Qg==",
        "dependencies": {
          "Microsoft.CodeAnalysis.Analyzers": "3.3.4"
        }
      },
      "Microsoft.CodeAnalysis.CSharp": {
        "type": "Transitive",
        "resolved": "4.11.0",
        "contentHash": "6XYi2EusI8JT4y2l/F3VVVS+ISoIX9nqHsZRaG6W5aFeJ5BEuBosHfT/ABb73FN0RZ1Z3cj2j7cL28SToJPXOw==",
        "dependencies": {
          "Microsoft.CodeAnalysis.Analyzers": "3.3.4",
          "Microsoft.CodeAnalysis.Common": "[4.11.0]"
        }
      },
      "Microsoft.CodeAnalysis.CSharp.Scripting": {
        "type": "Transitive",
        "resolved": "4.11.0",
        "contentHash": "sNeVeHfGHEPtxYGQIP+0BSTSBuv+dkWP5HEc1FstJpyYlibqKOmFm3y2j1AwEx9sKoRTs01092yrTH9BwZsxFQ==",
        "dependencies": {
          "Microsoft.CodeAnalysis.Analyzers": "3.3.4",
          "Microsoft.CodeAnalysis.CSharp": "[4.11.0]",
          "Microsoft.CodeAnalysis.Common": "[4.11.0]",
          "Microsoft.CodeAnalysis.Scripting.Common": "[4.11.0]"
        }
      },
      "Microsoft.CodeAnalysis.CSharp.Workspaces": {
        "type": "Transitive",
        "resolved": "4.11.0",
        "contentHash": "/oRJPIMvzOfiunIegSF6FEa4VvBAUSXlbLDKxyzXuOZN9nLHg3fHuX6Mr9JZLNIupbe2xqQZEmfsPxgB01vCmg==",
        "dependencies": {
          "Humanizer.Core": "2.14.1",
          "Microsoft.CodeAnalysis.Analyzers": "3.3.4",
          "Microsoft.CodeAnalysis.CSharp": "[4.11.0]",
          "Microsoft.CodeAnalysis.Common": "[4.11.0]",
          "Microsoft.CodeAnalysis.Workspaces.Common": "[4.11.0]",
          "System.Composition": "8.0.0"
        }
      },
      "Microsoft.CodeAnalysis.Scripting": {
        "type": "Transitive",
        "resolved": "4.11.0",
        "contentHash": "edSwIB8gsTB24ObX/k60nkpSbxFXdXtuzIWZjOl4IDr308QJzBZTToNyP4+xQN3Ujqkad59/uKgrblaQTIiY9A==",
        "dependencies": {
          "Microsoft.CodeAnalysis.Analyzers": "3.3.4",
          "Microsoft.CodeAnalysis.CSharp.Scripting": "[4.11.0]"
        }
      },
      "Microsoft.CodeAnalysis.Scripting.Common": {
        "type": "Transitive",
        "resolved": "4.11.0",
        "contentHash": "UHZIAKQcLB00N7AvMoyEYLw8qvFmGcKffEm/M2dEqYz2TWUtQW2j0+nGglbt9VwOId6TrDZGQlGjX90VNFak/w==",
        "dependencies": {
          "Microsoft.CodeAnalysis.Analyzers": "3.3.4",
          "Microsoft.CodeAnalysis.Common": "[4.11.0]"
        }
      },
      "Microsoft.CodeAnalysis.VisualBasic": {
        "type": "Transitive",
        "resolved": "4.11.0",
        "contentHash": "1ypssIzZvsDtzyN8tFqZdKS8cl7MAQQ6eBjHGCJ9paLNlmnBd2kCo1GRr8kO0yWaFN/Io2JXaTeeHRDZLiKKyw==",
        "dependencies": {
          "Microsoft.CodeAnalysis.Analyzers": "3.3.4",
          "Microsoft.CodeAnalysis.Common": "[4.11.0]"
        }
      },
      "Microsoft.CodeAnalysis.VisualBasic.Workspaces": {
        "type": "Transitive",
        "resolved": "4.11.0",
        "contentHash": "mXpuVE6TW+YbXbErkNFCy0iH5OY3HOva+CUpGxOJcLXol9/vevigR1FtC9lOl7fFB55r+T+lG/WAXd5nLsiDGg==",
        "dependencies": {
          "Humanizer.Core": "2.14.1",
          "Microsoft.CodeAnalysis.Analyzers": "3.3.4",
          "Microsoft.CodeAnalysis.Common": "[4.11.0]",
          "Microsoft.CodeAnalysis.VisualBasic": "[4.11.0]",
          "Microsoft.CodeAnalysis.Workspaces.Common": "[4.11.0]",
          "System.Composition": "8.0.0"
        }
      },
      "Microsoft.CodeAnalysis.Workspaces.Common": {
        "type": "Transitive",
        "resolved": "4.11.0",
        "contentHash": "UtwEt42V7/LnvAcschSlmUXRLEj0poX1H7QeFbY5bezcS+tJBCssAq8C7GfisgIA0qZPo2xzOrwKGBbg51CetA==",
        "dependencies": {
          "Humanizer.Core": "2.14.1",
          "Microsoft.CodeAnalysis.Analyzers": "3.3.4",
          "Microsoft.CodeAnalysis.Common": "[4.11.0]",
          "System.Composition": "8.0.0"
        }
      },
      "Microsoft.Extensions.DependencyModel": {
        "type": "Transitive",
        "resolved": "10.0.0",
        "contentHash": "RFYJR7APio/BiqdQunRq6DB+nDB6nc2qhHr77mlvZ0q0BT8PubMXN7XicmfzCbrDE/dzhBnUKBRXLTcqUiZDGg=="
      },
      "Microsoft.Extensions.Logging.Abstractions": {
        "type": "Transitive",
        "resolved": "6.0.0",
        "contentHash": "/HggWBbTwy8TgebGSX5DBZ24ndhzi93sHUBDvP1IxbZD7FDokYzdAr6+vbWGjw2XAfR2EJ1sfKUotpjHnFWPxA=="
      },
      "Microsoft.OpenApi": {
        "type": "Transitive",
        "resolved": "2.7.5",
        "contentHash": "0FA67RSnRM4tcBKqiqVu/HPdZ9+QOKbmeRjxRUGTCjPU4C0bmUhd97Dso7Yild5P7nOV6GxJ2xrK0Kv/O9xp0w=="
      },
      "NetTopologySuite": {
        "type": "Transitive",
        "resolved": "2.5.0",
        "contentHash": "5/+2O2ADomEdUn09mlSigACdqvAf0m/pVPGtIPEPQWnyrVykYY0NlfXLIdkMgi41kvH9kNrPqYaFBTZtHYH7Xw=="
      },
      "NetTopologySuite.IO.PostGis": {
        "type": "Transitive",
        "resolved": "2.1.0",
        "contentHash": "3W8XTFz8iP6GQ5jDXK1/LANHiU+988k1kmmuPWNKcJLpmSg6CvFpbTpz+s4+LBzkAp64wHGOldSlkSuzYfrIKA==",
        "dependencies": {
          "NetTopologySuite": "[2.0.0, 3.0.0-A)"
        }
      },
      "Npgsql": {
        "type": "Transitive",
        "resolved": "8.0.6",
        "contentHash": "KaS6CY5kY2Sd0P00MSeFcOI3t2DiQ4UWG8AuRpVOUeDWITOKfoEEG91DP3cmT6aerixPkjwKgXxnpDxIkDpO6g=="
      },
      "Npgsql.Json.NET": {
        "type": "Transitive",
        "resolved": "8.0.0",
        "contentHash": "VN2kfliKhqG+gaQNjk1vB6Nul6jgErJRuXxOpBche71YIddrh/WD+eXvE3rJ0UoaRJ9UqiWFJmCnvGehz1TBzw==",
        "dependencies": {
          "Newtonsoft.Json": "13.0.3",
          "Npgsql": "8.0.0"
        }
      },
      "Npgsql.NetTopologySuite": {
        "type": "Transitive",
        "resolved": "8.0.6",
        "contentHash": "Ena0R/lrA9T/aENroVTrBsCi79rLxF2vmrdKDWIcl4YyGfAFtKs18SG0XjTzq2JCbgRjAIqQ08h5D2qf7zbPAQ==",
        "dependencies": {
          "NetTopologySuite": "2.5.0",
          "NetTopologySuite.IO.PostGIS": "2.1.0",
          "Npgsql": "8.0.6"
        }
      },
      "OpenTelemetry.Api": {
        "type": "Transitive",
        "resolved": "1.8.0",
        "contentHash": "+daN4OqIXne3QLlFHEzb6ybAETgKs7Hg5jINYT5P8p8A/cEtuP6CRDYdDpOe6AlW8oAaV/nJJ5tLyPUVKKQu0w=="
      },
      "Polly.Core": {
        "type": "Transitive",
        "resolved": "8.5.0",
        "contentHash": "VYYMZNitZ85UEhwOKkTQI63WEMvzUqwQc74I2mm8h/DBVAMcBBxqYPni4DmuRtbCwngmuONuK2yBJfWNRKzI+A=="
      },
      "System.Composition": {
        "type": "Transitive",
        "resolved": "8.0.0",
        "contentHash": "E9oO9olNNxA39J8CxQwf7ceIPm+j/B/PhYpyK9M4LhN/OLLRw6u5fNInkhVqaWueMB9iXxYqnwqwgz+W91loIA==",
        "dependencies": {
          "System.Composition.AttributedModel": "8.0.0",
          "System.Composition.Convention": "8.0.0",
          "System.Composition.Hosting": "8.0.0",
          "System.Composition.Runtime": "8.0.0",
          "System.Composition.TypedParts": "8.0.0"
        }
      },
      "System.Composition.AttributedModel": {
        "type": "Transitive",
        "resolved": "8.0.0",
        "contentHash": "NyElSuvmBMYdn2iPG0n29i7Igu0bq99izOP3MAtEwskY3OP9jqsavvVmPn9lesVaj/KT/o/QkNjA43dOJTsDQw=="
      },
      "System.Composition.Convention": {
        "type": "Transitive",
        "resolved": "8.0.0",
        "contentHash": "UuVkc1B3vQU/LzEbWLMZ1aYVssv4rpShzf8wPEyrUqoGNqdYKREmB8bXR73heOMKkwS6ZnPz3PjGODT2MenukQ==",
        "dependencies": {
          "System.Composition.AttributedModel": "8.0.0"
        }
      },
      "System.Composition.Hosting": {
        "type": "Transitive",
        "resolved": "8.0.0",
        "contentHash": "qwbONqoxlazxcbiohvb3t1JWZgKIKcRdXS5uEeLbo5wtuBupIbAvdC3PYTAeBCZrZeERvrtAbhYHuuS43Zr1bQ==",
        "dependencies": {
          "System.Composition.Runtime": "8.0.0"
        }
      },
      "System.Composition.Runtime": {
        "type": "Transitive",
        "resolved": "8.0.0",
        "contentHash": "G+kRyB5/6+3ucRRQz+DF4uSHGqpkK8Q4ilVdbt4zvxpmvLVZNmSkyFAQpJLcbOyVF85aomJx0m+TGMDVlwx7ZQ=="
      },
      "System.Composition.TypedParts": {
        "type": "Transitive",
        "resolved": "8.0.0",
        "contentHash": "DsSklhuA+Dsgo3ZZrar8hjBFvq1wa1grrkNCTt+6SoX3vq0Vy+HXJnVXrU/nNH1BjlGH684A7h4hJQHZd/u5mA==",
        "dependencies": {
          "System.Composition.AttributedModel": "8.0.0",
          "System.Composition.Hosting": "8.0.0",
          "System.Composition.Runtime": "8.0.0"
        }
      },
      "Weasel.Core": {
        "type": "Transitive",
        "resolved": "7.14.2",
        "contentHash": "ovtNxWJcHy9n3zHyJPcUVSfCS4qToBgWjzQPNWbvuoYWlFF5E8NPjHbBMtvxes2D0jtuP3JOjx2sa5HprElJtw==",
        "dependencies": {
          "JasperFx.Core": "1.9.0"
        }
      },
      "Weasel.Postgresql": {
        "type": "Transitive",
        "resolved": "7.14.2",
        "contentHash": "aaoeOjz85UCVf4T4nUthzFcQw0npaZBY7+ej9QhxTLrFWU/5WTqY3FOBdc1TrTTBqXaRMpm+zg1FVgXD7AVnjw==",
        "dependencies": {
          "Npgsql": "8.0.6",
          "Npgsql.NetTopologySuite": "8.0.6",
          "Weasel.Core": "7.14.2"
        }
      },
      "Be.Vlaanderen.Basisregisters.TicketingService.Abstractions": {
        "type": "Project"
      },
      "Be.Vlaanderen.Basisregisters.TicketingService.Storage.PgSqlMarten": {
        "type": "Project",
        "dependencies": {
          "Be.Vlaanderen.Basisregisters.TicketingService.Abstractions": "[1.0.0, )",
          "Marten.AspNetCore": "[7.40.4, )"
        }
      },
      "Marten.AspNetCore": {
        "type": "CentralTransitive",
        "requested": "[7.40.4, )",
        "resolved": "7.40.4",
        "contentHash": "JGERJu4oz2TYhlxldHEcK1smjY6AZE4HIqV3NLGJ2BmboTRGwaMKs6+fgz7dGXEiLXy0YLQER+vdW9b4cpuypg==",
        "dependencies": {
          "Marten": "7.40.4"
        }
      },
      "Newtonsoft.Json": {
        "type": "CentralTransitive",
        "requested": "[13.0.4, )",
        "resolved": "13.0.3",
        "contentHash": "HrC5BXdl00IP9zeV+0Z848QWPAoCr9P3bDEZguI+gkLcBKAOxix/tLEAAHC+UvDNPv4a2d18lOReHMOagPa+zQ=="
      }
    },
    "net10.0/linux-arm64": {},
    "net10.0/linux-x64": {},
    "net10.0/win-x64": {}
  }
}